dependencies:
- name: postgresql
  repository: https://charts.helm.sh/stable
  version: 8.3.0
- name: redis
  repository: https://charts.helm.sh/stable
  version: 10.4.1
- name: traefik
  repository: https://helm.traefik.io/traefik
  version: 9.18.3
digest: sha256:a272ffb17046c46f1d09960384be36768789c0d830033db74da74df2202259dc
generated: "2021-04-26T23:10:09.77393643+08:00"
