dependencies:
- name: postgresql
  repository: https://kubernetes-charts.storage.googleapis.com/
  version: 8.3.0
- name: redis
  repository: https://kubernetes-charts.storage.googleapis.com/
  version: 10.4.1
digest: sha256:005ab173ea73aeaabe79079ccd7e10441c6f5e71b5558cb84712d528735c0cf0
generated: "2020-02-09T17:22:31.8994478+11:00"
